
Microsoft Visual Studio Solution File, Format Version 12.00
Project("{FAE04EC0-301F-11D3-BF4B-00C04F79EFBC}") = "Nybbles.Questions.Plugins1", "Nybbles.Questions.Plugins1\Nybbles.Questions.Plugins1.csproj", "{065D749B-22A2-4E83-9F0B-E84E4B315535}"
EndProject
Project("{FAE04EC0-301F-11D3-BF4B-00C04F79EFBC}") = "Nybbles.Questions.Plugins2", "Nybbles.Questions.Plugins2\Nybbles.Questions.Plugins2.csproj", "{5DA0F414-F232-4E4A-806F-EF2FA0F1CF1E}"
EndProject
Project("{FAE04EC0-301F-11D3-BF4B-00C04F79EFBC}") = "Nybbles.Questions.Contracts", "Nybbles.Questions.Contracts\Nybbles.Questions.Contracts.csproj", "{CD13455A-F1AB-4124-88B7-FB1377B00D6D}"
EndProject
Project("{FAE04EC0-301F-11D3-BF4B-00C04F79EFBC}") = "Nybbles.Questions.NonContainerFactory", "Nybbles.Questions.NonContainerFactory\Nybbles.Questions.NonContainerFactory.csproj", "{AED9C608-7173-4B40-871D-9D88AF80FC0F}"
EndProject
Project("{FAE04EC0-301F-11D3-BF4B-00C04F79EFBC}") = "Nybbles.Questions.Runner", "Nybbles.Questions.Runner\Nybbles.Questions.Runner.csproj", "{055517AB-C2C4-4971-A4FD-21A806394C4B}"
EndProject
Global
	GlobalSection(SolutionConfigurationPlatforms) = preSolution
		Debug|Any CPU = Debug|Any CPU
		Release|Any CPU = Release|Any CPU
	EndGlobalSection
	GlobalSection(ProjectConfigurationPlatforms) = postSolution
		{065D749B-22A2-4E83-9F0B-E84E4B315535}.Debug|Any CPU.ActiveCfg = Debug|Any CPU
		{065D749B-22A2-4E83-9F0B-E84E4B315535}.Debug|Any CPU.Build.0 = Debug|Any CPU
		{065D749B-22A2-4E83-9F0B-E84E4B315535}.Release|Any CPU.ActiveCfg = Release|Any CPU
		{065D749B-22A2-4E83-9F0B-E84E4B315535}.Release|Any CPU.Build.0 = Release|Any CPU
		{5DA0F414-F232-4E4A-806F-EF2FA0F1CF1E}.Debug|Any CPU.ActiveCfg = Debug|Any CPU
		{5DA0F414-F232-4E4A-806F-EF2FA0F1CF1E}.Debug|Any CPU.Build.0 = Debug|Any CPU
		{5DA0F414-F232-4E4A-806F-EF2FA0F1CF1E}.Release|Any CPU.ActiveCfg = Release|Any CPU
		{5DA0F414-F232-4E4A-806F-EF2FA0F1CF1E}.Release|Any CPU.Build.0 = Release|Any CPU
		{CD13455A-F1AB-4124-88B7-FB1377B00D6D}.Debug|Any CPU.ActiveCfg = Debug|Any CPU
		{CD13455A-F1AB-4124-88B7-FB1377B00D6D}.Debug|Any CPU.Build.0 = Debug|Any CPU
		{CD13455A-F1AB-4124-88B7-FB1377B00D6D}.Release|Any CPU.ActiveCfg = Release|Any CPU
		{CD13455A-F1AB-4124-88B7-FB1377B00D6D}.Release|Any CPU.Build.0 = Release|Any CPU
		{AED9C608-7173-4B40-871D-9D88AF80FC0F}.Debug|Any CPU.ActiveCfg = Debug|Any CPU
		{AED9C608-7173-4B40-871D-9D88AF80FC0F}.Debug|Any CPU.Build.0 = Debug|Any CPU
		{AED9C608-7173-4B40-871D-9D88AF80FC0F}.Release|Any CPU.ActiveCfg = Release|Any CPU
		{AED9C608-7173-4B40-871D-9D88AF80FC0F}.Release|Any CPU.Build.0 = Release|Any CPU
		{055517AB-C2C4-4971-A4FD-21A806394C4B}.Debug|Any CPU.ActiveCfg = Debug|Any CPU
		{055517AB-C2C4-4971-A4FD-21A806394C4B}.Debug|Any CPU.Build.0 = Debug|Any CPU
		{055517AB-C2C4-4971-A4FD-21A806394C4B}.Release|Any CPU.ActiveCfg = Release|Any CPU
		{055517AB-C2C4-4971-A4FD-21A806394C4B}.Release|Any CPU.Build.0 = Release|Any CPU
	EndGlobalSection
EndGlobal
